
Microsoft Visual Studio Solution File, Format Version 12.00
# Visual Studio Version 17
VisualStudioVersion = 17.7.34031.279
MinimumVisualStudioVersion = 10.0.40219.1
Project("{FAE04EC0-301F-11D3-BF4B-00C04F79EFBC}") = "Hakan GULESEN Hangman", "Hakan GULESEN Hangman\Hakan GULESEN Hangman.csproj", "{822798F5-A94C-4625-B6DA-94BE2EFA9F50}"
EndProject
Global
	GlobalSection(SolutionConfigurationPlatforms) = preSolution
		Debug|Any CPU = Debug|Any CPU
		Release|Any CPU = Release|Any CPU
	EndGlobalSection
	GlobalSection(ProjectConfigurationPlatforms) = postSolution
		{822798F5-A94C-4625-B6DA-94BE2EFA9F50}.Debug|Any CPU.ActiveCfg = Debug|Any CPU
		{822798F5-A94C-4625-B6DA-94BE2EFA9F50}.Debug|Any CPU.Build.0 = Debug|Any CPU
		{822798F5-A94C-4625-B6DA-94BE2EFA9F50}.Release|Any CPU.ActiveCfg = Release|Any CPU
		{822798F5-A94C-4625-B6DA-94BE2EFA9F50}.Release|Any CPU.Build.0 = Release|Any CPU
	EndGlobalSection
	GlobalSection(SolutionProperties) = preSolution
		HideSolutionNode = FALSE
	EndGlobalSection
	GlobalSection(ExtensibilityGlobals) = postSolution
		SolutionGuid = {A07CD83A-A8DB-4DD2-AEE6-012AC38E8766}
	EndGlobalSection
EndGlobal
